// !$*UTF8*$!
{
	archiveVersion = 1;
	classes = {
	};
	objectVersion = 56;
	objects = {

/* Begin PBXBuildFile section */
		AC60ED302BF9F53A00FCB9AC /* Api.swift in Sources */ = {isa = PBXBuildFile; fileRef = AC60ED2F2BF9F53A00FCB9AC /* Api.swift */; };
		AC60ED322BF9F61F00FCB9AC /* RootViewController.swift in Sources */ = {isa = PBXBuildFile; fileRef = AC60ED312BF9F61F00FCB9AC /* RootViewController.swift */; };
		AC60ED352BF9F82900FCB9AC /* Localizable.strings in Resources */ = {isa = PBXBuildFile; fileRef = AC60ED332BF9F82900FCB9AC /* Localizable.strings */; };
		AC60ED372BF9F8FA00FCB9AC /* BaseNavigationController.swift in Sources */ = {isa = PBXBuildFile; fileRef = AC60ED362BF9F8FA00FCB9AC /* BaseNavigationController.swift */; };
		AC60ED392BF9F91D00FCB9AC /* RoutingController.swift in Sources */ = {isa = PBXBuildFile; fileRef = AC60ED382BF9F91D00FCB9AC /* RoutingController.swift */; };
		AC60ED3B2BF9F99500FCB9AC /* path_configuration.json in Resources */ = {isa = PBXBuildFile; fileRef = AC60ED3A2BF9F99500FCB9AC /* path_configuration.json */; };
		AC60ED3D2BF9F9C300FCB9AC /* Global.swift in Sources */ = {isa = PBXBuildFile; fileRef = AC60ED3C2BF9F9C300FCB9AC /* Global.swift */; };
		AC60ED402BF9FCA600FCB9AC /* Turbo in Frameworks */ = {isa = PBXBuildFile; productRef = AC60ED3F2BF9FCA600FCB9AC /* Turbo */; };
		AC60ED422BF9FCAB00FCB9AC /* Strada in Frameworks */ = {isa = PBXBuildFile; productRef = AC60ED412BF9FCAB00FCB9AC /* Strada */; };
		AC60ED442BF9FE0700FCB9AC /* WebViewController.swift in Sources */ = {isa = PBXBuildFile; fileRef = AC60ED432BF9FE0700FCB9AC /* WebViewController.swift */; };
		AC60ED462BF9FE5800FCB9AC /* ViewControllerVendor.swift in Sources */ = {isa = PBXBuildFile; fileRef = AC60ED452BF9FE5800FCB9AC /* ViewControllerVendor.swift */; };
		AC60ED482BFA14E500FCB9AC /* PathDirectable.swift in Sources */ = {isa = PBXBuildFile; fileRef = AC60ED472BFA14E500FCB9AC /* PathDirectable.swift */; };
		ACFA1D082BF9F05E00D64A95 /* AppDelegate.swift in Sources */ = {isa = PBXBuildFile; fileRef = ACFA1D072BF9F05E00D64A95 /* AppDelegate.swift */; };
		ACFA1D0A2BF9F05E00D64A95 /* SceneDelegate.swift in Sources */ = {isa = PBXBuildFile; fileRef = ACFA1D092BF9F05E00D64A95 /* SceneDelegate.swift */; };
		ACFA1D112BF9F06000D64A95 /* Assets.xcassets in Resources */ = {isa = PBXBuildFile; fileRef = ACFA1D102BF9F06000D64A95 /* Assets.xcassets */; };
		ACFA1D142BF9F06000D64A95 /* Base in Resources */ = {isa = PBXBuildFile; fileRef = ACFA1D132BF9F06000D64A95 /* Base */; };
		ACFA1D1F2BF9F06000D64A95 /* PiazzaTests.swift in Sources */ = {isa = PBXBuildFile; fileRef = ACFA1D1E2BF9F06000D64A95 /* PiazzaTests.swift */; };
		ACFA1D292BF9F06000D64A95 /* PiazzaUITests.swift in Sources */ = {isa = PBXBuildFile; fileRef = ACFA1D282BF9F06000D64A95 /* PiazzaUITests.swift */; };
		ACFA1D2B2BF9F06000D64A95 /* PiazzaUITestsLaunchTests.swift in Sources */ = {isa = PBXBuildFile; fileRef = ACFA1D2A2BF9F06000D64A95 /* PiazzaUITestsLaunchTests.swift */; };
/* End PBXBuildFile section */

/* Begin PBXContainerItemProxy section */
		ACFA1D1B2BF9F06000D64A95 /* PBXContainerItemProxy */ = {
			isa = PBXContainerItemProxy;
			containerPortal = ACFA1CFC2BF9F05E00D64A95 /* Project object */;
			proxyType = 1;
			remoteGlobalIDString = ACFA1D032BF9F05E00D64A95;
			remoteInfo = Piazza;
		};
		ACFA1D252BF9F06000D64A95 /* PBXContainerItemProxy */ = {
			isa = PBXContainerItemProxy;
			containerPortal = ACFA1CFC2BF9F05E00D64A95 /* Project object */;
			proxyType = 1;
			remoteGlobalIDString = ACFA1D032BF9F05E00D64A95;
			remoteInfo = Piazza;
		};
/* End PBXContainerItemProxy section */

/* Begin PBXFileReference section */
		AC60ED2F2BF9F53A00FCB9AC /* Api.swift */ = {isa = PBXFileReference; lastKnownFileType = sourcecode.swift; path = Api.swift; sourceTree = "<group>"; };
		AC60ED312BF9F61F00FCB9AC /* RootViewController.swift */ = {isa = PBXFileReference; lastKnownFileType = sourcecode.swift; path = RootViewController.swift; sourceTree = "<group>"; };
		AC60ED342BF9F82900FCB9AC /* en */ = {isa = PBXFileReference; lastKnownFileType = text.plist.strings; name = en; path = en.lproj/Localizable.strings; sourceTree = "<group>"; };
		AC60ED362BF9F8FA00FCB9AC /* BaseNavigationController.swift */ = {isa = PBXFileReference; lastKnownFileType = sourcecode.swift; path = BaseNavigationController.swift; sourceTree = "<group>"; };
		AC60ED382BF9F91D00FCB9AC /* RoutingController.swift */ = {isa = PBXFileReference; lastKnownFileType = sourcecode.swift; path = RoutingController.swift; sourceTree = "<group>"; };
		AC60ED3A2BF9F99500FCB9AC /* path_configuration.json */ = {isa = PBXFileReference; lastKnownFileType = text.json; path = path_configuration.json; sourceTree = "<group>"; };
		AC60ED3C2BF9F9C300FCB9AC /* Global.swift */ = {isa = PBXFileReference; lastKnownFileType = sourcecode.swift; path = Global.swift; sourceTree = "<group>"; };
		AC60ED432BF9FE0700FCB9AC /* WebViewController.swift */ = {isa = PBXFileReference; lastKnownFileType = sourcecode.swift; path = WebViewController.swift; sourceTree = "<group>"; };
		AC60ED452BF9FE5800FCB9AC /* ViewControllerVendor.swift */ = {isa = PBXFileReference; lastKnownFileType = sourcecode.swift; path = ViewControllerVendor.swift; sourceTree = "<group>"; };
		AC60ED472BFA14E500FCB9AC /* PathDirectable.swift */ = {isa = PBXFileReference; lastKnownFileType = sourcecode.swift; path = PathDirectable.swift; sourceTree = "<group>"; };
		ACFA1D042BF9F05E00D64A95 /* Piazza.app */ = {isa = PBXFileReference; explicitFileType = wrapper.application; includeInIndex = 0; path = Piazza.app; sourceTree = BUILT_PRODUCTS_DIR; };
		ACFA1D072BF9F05E00D64A95 /* AppDelegate.swift */ = {isa = PBXFileReference; lastKnownFileType = sourcecode.swift; path = AppDelegate.swift; sourceTree = "<group>"; };
		ACFA1D092BF9F05E00D64A95 /* SceneDelegate.swift */ = {isa = PBXFileReference; lastKnownFileType = sourcecode.swift; path = SceneDelegate.swift; sourceTree = "<group>"; };
		ACFA1D102BF9F06000D64A95 /* Assets.xcassets */ = {isa = PBXFileReference; lastKnownFileType = folder.assetcatalog; path = Assets.xcassets; sourceTree = "<group>"; };
		ACFA1D132BF9F06000D64A95 /* Base */ = {isa = PBXFileReference; lastKnownFileType = file.storyboard; name = Base; path = Base.lproj/LaunchScreen.storyboard; sourceTree = "<group>"; };
		ACFA1D152BF9F06000D64A95 /* Info.plist */ = {isa = PBXFileReference; lastKnownFileType = text.plist.xml; path = Info.plist; sourceTree = "<group>"; };
		ACFA1D1A2BF9F06000D64A95 /* PiazzaTests.xctest */ = {isa = PBXFileReference; explicitFileType = wrapper.cfbundle; includeInIndex = 0; path = PiazzaTests.xctest; sourceTree = BUILT_PRODUCTS_DIR; };
		ACFA1D1E2BF9F06000D64A95 /* PiazzaTests.swift */ = {isa = PBXFileReference; lastKnownFileType = sourcecode.swift; path = PiazzaTests.swift; sourceTree = "<group>"; };
		ACFA1D242BF9F06000D64A95 /* PiazzaUITests.xctest */ = {isa = PBXFileReference; explicitFileType = wrapper.cfbundle; includeInIndex = 0; path = PiazzaUITests.xctest; sourceTree = BUILT_PRODUCTS_DIR; };
		ACFA1D282BF9F06000D64A95 /* PiazzaUITests.swift */ = {isa = PBXFileReference; lastKnownFileType = sourcecode.swift; path = PiazzaUITests.swift; sourceTree = "<group>"; };
		ACFA1D2A2BF9F06000D64A95 /* PiazzaUITestsLaunchTests.swift */ = {isa = PBXFileReference; lastKnownFileType = sourcecode.swift; path = PiazzaUITestsLaunchTests.swift; sourceTree = "<group>"; };
/* End PBXFileReference section */

/* Begin PBXFrameworksBuildPhase section */
		ACFA1D012BF9F05E00D64A95 /* Frameworks */ = {
			isa = PBXFrameworksBuildPhase;
			buildActionMask = 2147483647;
			files = (
				AC60ED402BF9FCA600FCB9AC /* Turbo in Frameworks */,
				AC60ED422BF9FCAB00FCB9AC /* Strada in Frameworks */,
			);
			runOnlyForDeploymentPostprocessing = 0;
		};
		ACFA1D172BF9F06000D64A95 /* Frameworks */ = {
			isa = PBXFrameworksBuildPhase;
			buildActionMask = 2147483647;
			files = (
			);
			runOnlyForDeploymentPostprocessing = 0;
		};
		ACFA1D212BF9F06000D64A95 /* Frameworks */ = {
			isa = PBXFrameworksBuildPhase;
			buildActionMask = 2147483647;
			files = (
			);
			runOnlyForDeploymentPostprocessing = 0;
		};
/* End PBXFrameworksBuildPhase section */

/* Begin PBXGroup section */
		AC60ED3E2BF9FCA600FCB9AC /* Frameworks */ = {
			isa = PBXGroup;
			children = (
			);
			name = Frameworks;
			sourceTree = "<group>";
		};
		ACFA1CFB2BF9F05E00D64A95 = {
			isa = PBXGroup;
			children = (
				ACFA1D062BF9F05E00D64A95 /* Piazza */,
				ACFA1D1D2BF9F06000D64A95 /* PiazzaTests */,
				ACFA1D272BF9F06000D64A95 /* PiazzaUITests */,
				ACFA1D052BF9F05E00D64A95 /* Products */,
				AC60ED3E2BF9FCA600FCB9AC /* Frameworks */,
			);
			sourceTree = "<group>";
		};
		ACFA1D052BF9F05E00D64A95 /* Products */ = {
			isa = PBXGroup;
			children = (
				ACFA1D042BF9F05E00D64A95 /* Piazza.app */,
				ACFA1D1A2BF9F06000D64A95 /* PiazzaTests.xctest */,
				ACFA1D242BF9F06000D64A95 /* PiazzaUITests.xctest */,
			);
			name = Products;
			sourceTree = "<group>";
		};
		ACFA1D062BF9F05E00D64A95 /* Piazza */ = {
			isa = PBXGroup;
			children = (
				ACFA1D072BF9F05E00D64A95 /* AppDelegate.swift */,
				AC60ED472BFA14E500FCB9AC /* PathDirectable.swift */,
				AC60ED362BF9F8FA00FCB9AC /* BaseNavigationController.swift */,
				AC60ED432BF9FE0700FCB9AC /* WebViewController.swift */,
				AC60ED452BF9FE5800FCB9AC /* ViewControllerVendor.swift */,
				AC60ED382BF9F91D00FCB9AC /* RoutingController.swift */,
				AC60ED3A2BF9F99500FCB9AC /* path_configuration.json */,
				AC60ED3C2BF9F9C300FCB9AC /* Global.swift */,
				AC60ED2F2BF9F53A00FCB9AC /* Api.swift */,
				AC60ED312BF9F61F00FCB9AC /* RootViewController.swift */,
				ACFA1D092BF9F05E00D64A95 /* SceneDelegate.swift */,
				AC60ED332BF9F82900FCB9AC /* Localizable.strings */,
				ACFA1D102BF9F06000D64A95 /* Assets.xcassets */,
				ACFA1D122BF9F06000D64A95 /* LaunchScreen.storyboard */,
				ACFA1D152BF9F06000D64A95 /* Info.plist */,
			);
			path = Piazza;
			sourceTree = "<group>";
		};
		ACFA1D1D2BF9F06000D64A95 /* PiazzaTests */ = {
			isa = PBXGroup;
			children = (
				ACFA1D1E2BF9F06000D64A95 /* PiazzaTests.swift */,
			);
			path = PiazzaTests;
			sourceTree = "<group>";
		};
		ACFA1D272BF9F06000D64A95 /* PiazzaUITests */ = {
			isa = PBXGroup;
			children = (
				ACFA1D282BF9F06000D64A95 /* PiazzaUITests.swift */,
				ACFA1D2A2BF9F06000D64A95 /* PiazzaUITestsLaunchTests.swift */,
			);
			path = PiazzaUITests;
			sourceTree = "<group>";
		};
/* End PBXGroup section */

/* Begin PBXNativeTarget section */
		ACFA1D032BF9F05E00D64A95 /* Piazza */ = {
			isa = PBXNativeTarget;
			buildConfigurationList = ACFA1D2E2BF9F06000D64A95 /* Build configuration list for PBXNativeTarget "Piazza" */;
			buildPhases = (
				ACFA1D002BF9F05E00D64A95 /* Sources */,
				ACFA1D012BF9F05E00D64A95 /* Frameworks */,
				ACFA1D022BF9F05E00D64A95 /* Resources */,
				AC60ED2E2BF9F1DB00FCB9AC /* ShellScript */,
			);
			buildRules = (
			);
			dependencies = (
			);
			name = Piazza;
			packageProductDependencies = (
				AC60ED3F2BF9FCA600FCB9AC /* Turbo */,
				AC60ED412BF9FCAB00FCB9AC /* Strada */,
			);
			productName = Piazza;
			productReference = ACFA1D042BF9F05E00D64A95 /* Piazza.app */;
			productType = "com.apple.product-type.application";
		};
		ACFA1D192BF9F06000D64A95 /* PiazzaTests */ = {
			isa = PBXNativeTarget;
			buildConfigurationList = ACFA1D312BF9F06000D64A95 /* Build configuration list for PBXNativeTarget "PiazzaTests" */;
			buildPhases = (
				ACFA1D162BF9F06000D64A95 /* Sources */,
				ACFA1D172BF9F06000D64A95 /* Frameworks */,
				ACFA1D182BF9F06000D64A95 /* Resources */,
			);
			buildRules = (
			);
			dependencies = (
				ACFA1D1C2BF9F06000D64A95 /* PBXTargetDependency */,
			);
			name = PiazzaTests;
			productName = PiazzaTests;
			productReference = ACFA1D1A2BF9F06000D64A95 /* PiazzaTests.xctest */;
			productType = "com.apple.product-type.bundle.unit-test";
		};
		ACFA1D232BF9F06000D64A95 /* PiazzaUITests */ = {
			isa = PBXNativeTarget;
			buildConfigurationList = ACFA1D342BF9F06000D64A95 /* Build configuration list for PBXNativeTarget "PiazzaUITests" */;
			buildPhases = (
				ACFA1D202BF9F06000D64A95 /* Sources */,
				ACFA1D212BF9F06000D64A95 /* Frameworks */,
				ACFA1D222BF9F06000D64A95 /* Resources */,
			);
			buildRules = (
			);
			dependencies = (
				ACFA1D262BF9F06000D64A95 /* PBXTargetDependency */,
			);
			name = PiazzaUITests;
			productName = PiazzaUITests;
			productReference = ACFA1D242BF9F06000D64A95 /* PiazzaUITests.xctest */;
			productType = "com.apple.product-type.bundle.ui-testing";
		};
/* End PBXNativeTarget section */

/* Begin PBXProject section */
		ACFA1CFC2BF9F05E00D64A95 /* Project object */ = {
			isa = PBXProject;
			attributes = {
				BuildIndependentTargetsInParallel = 1;
				LastSwiftUpdateCheck = 1540;
				LastUpgradeCheck = 1540;
				TargetAttributes = {
					ACFA1D032BF9F05E00D64A95 = {
						CreatedOnToolsVersion = 15.4;
					};
					ACFA1D192BF9F06000D64A95 = {
						CreatedOnToolsVersion = 15.4;
						TestTargetID = ACFA1D032BF9F05E00D64A95;
					};
					ACFA1D232BF9F06000D64A95 = {
						CreatedOnToolsVersion = 15.4;
						TestTargetID = ACFA1D032BF9F05E00D64A95;
					};
				};
			};
			buildConfigurationList = ACFA1CFF2BF9F05E00D64A95 /* Build configuration list for PBXProject "Piazza" */;
			compatibilityVersion = "Xcode 14.0";
			developmentRegion = en;
			hasScannedForEncodings = 0;
			knownRegions = (
				en,
				Base,
			);
			mainGroup = ACFA1CFB2BF9F05E00D64A95;
			packageReferences = (
				AC60ED2C2BF9F10400FCB9AC /* XCRemoteSwiftPackageReference "turbo-ios" */,
				AC60ED2D2BF9F1C000FCB9AC /* XCRemoteSwiftPackageReference "strada-ios" */,
			);
			productRefGroup = ACFA1D052BF9F05E00D64A95 /* Products */;
			projectDirPath = "";
			projectRoot = "";
			targets = (
				ACFA1D032BF9F05E00D64A95 /* Piazza */,
				ACFA1D192BF9F06000D64A95 /* PiazzaTests */,
				ACFA1D232BF9F06000D64A95 /* PiazzaUITests */,
			);
		};
/* End PBXProject section */

/* Begin PBXResourcesBuildPhase section */
		ACFA1D022BF9F05E00D64A95 /* Resources */ = {
			isa = PBXResourcesBuildPhase;
			buildActionMask = 2147483647;
			files = (
				ACFA1D112BF9F06000D64A95 /* Assets.xcassets in Resources */,
				AC60ED352BF9F82900FCB9AC /* Localizable.strings in Resources */,
				ACFA1D142BF9F06000D64A95 /* Base in Resources */,
				AC60ED3B2BF9F99500FCB9AC /* path_configuration.json in Resources */,
			);
			runOnlyForDeploymentPostprocessing = 0;
		};
		ACFA1D182BF9F06000D64A95 /* Resources */ = {
			isa = PBXResourcesBuildPhase;
			buildActionMask = 2147483647;
			files = (
			);
			runOnlyForDeploymentPostprocessing = 0;
		};
		ACFA1D222BF9F06000D64A95 /* Resources */ = {
			isa = PBXResourcesBuildPhase;
			buildActionMask = 2147483647;
			files = (
			);
			runOnlyForDeploymentPostprocessing = 0;
		};
/* End PBXResourcesBuildPhase section */

/* Begin PBXShellScriptBuildPhase section */
		AC60ED2E2BF9F1DB00FCB9AC /* ShellScript */ = {
			isa = PBXShellScriptBuildPhase;
			buildActionMask = 2147483647;
			files = (
			);
			inputFileListPaths = (
			);
			inputPaths = (
			);
			outputFileListPaths = (
			);
			outputPaths = (
			);
			runOnlyForDeploymentPostprocessing = 0;
			shellPath = /bin/sh;
			shellScript = "INFO_PLIST=\"${TARGET_BUILD_DIR}/${INFOPLIST_PATH}\"\nPLISTBUDDY=\"/usr/libexec/PlistBuddy\"\n\nif [ \"${CONFIGURATION}\" == \"Debug\" ]; then\n    $PLISTBUDDY -c \"Add :NSAppTransportSecurity dict\" \"${INFO_PLIST}\" || true\n    $PLISTBUDDY -c \"Add :NSAppTransportSecurity:NSAllowsArbitraryLoads bool true\" \"${INFO_PLIST}\" || true\n    $PLISTBUDDY -c \"Set :NSAppTransportSecurity:NSAllowsArbitraryLoads true\" \"${INFO_PLIST}\"\nelse\n    $PLISTBUDDY -c \"Delete :NSAppTransportSecurity:NSAllowsArbitraryLoads\" \"${INFO_PLIST}\" || true\nfi\n\nALLOWS_ARBITRARY_LOADS_ENABLED=$($PLISTBUDDY -c \"Print :NSAppTransportSecurity:NSAllowsArbitraryLoads\" \"${INFO_PLIST}\")\nif [ \"${ALLOWS_ARBITRARY_LOADS_ENABLED}\" == \"true\" ]; then\n  echo \"warning: ATS is disabled. :NSAppTransportSecurity:NSAllowsArbitraryLoads set to true. This is insecure and should not be used in release builds.\"\nfi\n";
		};
/* End PBXShellScriptBuildPhase section */

/* Begin PBXSourcesBuildPhase section */
		ACFA1D002BF9F05E00D64A95 /* Sources */ = {
			isa = PBXSourcesBuildPhase;
			buildActionMask = 2147483647;
			files = (
				AC60ED302BF9F53A00FCB9AC /* Api.swift in Sources */,
				ACFA1D082BF9F05E00D64A95 /* AppDelegate.swift in Sources */,
				AC60ED462BF9FE5800FCB9AC /* ViewControllerVendor.swift in Sources */,
				AC60ED392BF9F91D00FCB9AC /* RoutingController.swift in Sources */,
				AC60ED322BF9F61F00FCB9AC /* RootViewController.swift in Sources */,
				AC60ED482BFA14E500FCB9AC /* PathDirectable.swift in Sources */,
				AC60ED372BF9F8FA00FCB9AC /* BaseNavigationController.swift in Sources */,
				ACFA1D0A2BF9F05E00D64A95 /* SceneDelegate.swift in Sources */,
				AC60ED3D2BF9F9C300FCB9AC /* Global.swift in Sources */,
				AC60ED442BF9FE0700FCB9AC /* WebViewController.swift in Sources */,
			);
			runOnlyForDeploymentPostprocessing = 0;
		};
		ACFA1D162BF9F06000D64A95 /* Sources */ = {
			isa = PBXSourcesBuildPhase;
			buildActionMask = 2147483647;
			files = (
				ACFA1D1F2BF9F06000D64A95 /* PiazzaTests.swift in Sources */,
			);
			runOnlyForDeploymentPostprocessing = 0;
		};
		ACFA1D202BF9F06000D64A95 /* Sources */ = {
			isa = PBXSourcesBuildPhase;
			buildActionMask = 2147483647;
			files = (
				ACFA1D292BF9F06000D64A95 /* PiazzaUITests.swift in Sources */,
				ACFA1D2B2BF9F06000D64A95 /* PiazzaUITestsLaunchTests.swift in Sources */,
			);
			runOnlyForDeploymentPostprocessing = 0;
		};
/* End PBXSourcesBuildPhase section */

/* Begin PBXTargetDependency section */
		ACFA1D1C2BF9F06000D64A95 /* PBXTargetDependency */ = {
			isa = PBXTargetDependency;
			target = ACFA1D032BF9F05E00D64A95 /* Piazza */;
			targetProxy = ACFA1D1B2BF9F06000D64A95 /* PBXContainerItemProxy */;
		};
		ACFA1D262BF9F06000D64A95 /* PBXTargetDependency */ = {
			isa = PBXTargetDependency;
			target = ACFA1D032BF9F05E00D64A95 /* Piazza */;
			targetProxy = ACFA1D252BF9F06000D64A95 /* PBXContainerItemProxy */;
		};
/* End PBXTargetDependency section */

/* Begin PBXVariantGroup section */
		AC60ED332BF9F82900FCB9AC /* Localizable.strings */ = {
			isa = PBXVariantGroup;
			children = (
				AC60ED342BF9F82900FCB9AC /* en */,
			);
			name = Localizable.strings;
			sourceTree = "<group>";
		};
		ACFA1D122BF9F06000D64A95 /* LaunchScreen.storyboard */ = {
			isa = PBXVariantGroup;
			children = (
				ACFA1D132BF9F06000D64A95 /* Base */,
			);
			name = LaunchScreen.storyboard;
			sourceTree = "<group>";
		};
/* End PBXVariantGroup section */

/* Begin XCBuildConfiguration section */
		ACFA1D2C2BF9F06000D64A95 /* Debug */ = {
			isa = XCBuildConfiguration;
			buildSettings = {
				ALWAYS_SEARCH_USER_PATHS = NO;
				ASSETCATALOG_COMPILER_GENERATE_SWIFT_ASSET_SYMBOL_EXTENSIONS = YES;
				CLANG_ANALYZER_NONNULL = YES;
				CLANG_ANALYZER_NUMBER_OBJECT_CONVERSION = YES_AGGRESSIVE;
				CLANG_CXX_LANGUAGE_STANDARD = "gnu++20";
				CLANG_ENABLE_MODULES = YES;
				CLANG_ENABLE_OBJC_ARC = YES;
				CLANG_ENABLE_OBJC_WEAK = YES;
				CLANG_WARN_BLOCK_CAPTURE_AUTORELEASING = YES;
				CLANG_WARN_BOOL_CONVERSION = YES;
				CLANG_WARN_COMMA = YES;
				CLANG_WARN_CONSTANT_CONVERSION = YES;
				CLANG_WARN_DEPRECATED_OBJC_IMPLEMENTATIONS = YES;
				CLANG_WARN_DIRECT_OBJC_ISA_USAGE = YES_ERROR;
				CLANG_WARN_DOCUMENTATION_COMMENTS = YES;
				CLANG_WARN_EMPTY_BODY = YES;
				CLANG_WARN_ENUM_CONVERSION = YES;
				CLANG_WARN_INFINITE_RECURSION = YES;
				CLANG_WARN_INT_CONVERSION = YES;
				CLANG_WARN_NON_LITERAL_NULL_CONVERSION = YES;
				CLANG_WARN_OBJC_IMPLICIT_RETAIN_SELF = YES;
				CLANG_WARN_OBJC_LITERAL_CONVERSION = YES;
				CLANG_WARN_OBJC_ROOT_CLASS = YES_ERROR;
				CLANG_WARN_QUOTED_INCLUDE_IN_FRAMEWORK_HEADER = YES;
				CLANG_WARN_RANGE_LOOP_ANALYSIS = YES;
				CLANG_WARN_STRICT_PROTOTYPES = YES;
				CLANG_WARN_SUSPICIOUS_MOVE = YES;
				CLANG_WARN_UNGUARDED_AVAILABILITY = YES_AGGRESSIVE;
				CLANG_WARN_UNREACHABLE_CODE = YES;
				CLANG_WARN__DUPLICATE_METHOD_MATCH = YES;
				COPY_PHASE_STRIP = NO;
				DEBUG_INFORMATION_FORMAT = dwarf;
				ENABLE_STRICT_OBJC_MSGSEND = YES;
				ENABLE_TESTABILITY = YES;
				ENABLE_USER_SCRIPT_SANDBOXING = YES;
				GCC_C_LANGUAGE_STANDARD = gnu17;
				GCC_DYNAMIC_NO_PIC = NO;
				GCC_NO_COMMON_BLOCKS = YES;
				GCC_OPTIMIZATION_LEVEL = 0;
				GCC_PREPROCESSOR_DEFINITIONS = (
					"DEBUG=1",
					"$(inherited)",
				);
				GCC_WARN_64_TO_32_BIT_CONVERSION = YES;
				GCC_WARN_ABOUT_RETURN_TYPE = YES_ERROR;
				GCC_WARN_UNDECLARED_SELECTOR = YES;
				GCC_WARN_UNINITIALIZED_AUTOS = YES_AGGRESSIVE;
				GCC_WARN_UNUSED_FUNCTION = YES;
				GCC_WARN_UNUSED_VARIABLE = YES;
				IPHONEOS_DEPLOYMENT_TARGET = 17.5;
				LOCALIZATION_PREFERS_STRING_CATALOGS = YES;
				MTL_ENABLE_DEBUG_INFO = INCLUDE_SOURCE;
				MTL_FAST_MATH = YES;
				ONLY_ACTIVE_ARCH = YES;
				SDKROOT = iphoneos;
				SWIFT_ACTIVE_COMPILATION_CONDITIONS = "DEBUG $(inherited)";
				SWIFT_OPTIMIZATION_LEVEL = "-Onone";
			};
			name = Debug;
		};
		ACFA1D2D2BF9F06000D64A95 /* Release */ = {
			isa = XCBuildConfiguration;
			buildSettings = {
				ALWAYS_SEARCH_USER_PATHS = NO;
				ASSETCATALOG_COMPILER_GENERATE_SWIFT_ASSET_SYMBOL_EXTENSIONS = YES;
				CLANG_ANALYZER_NONNULL = YES;
				CLANG_ANALYZER_NUMBER_OBJECT_CONVERSION = YES_AGGRESSIVE;
				CLANG_CXX_LANGUAGE_STANDARD = "gnu++20";
				CLANG_ENABLE_MODULES = YES;
				CLANG_ENABLE_OBJC_ARC = YES;
				CLANG_ENABLE_OBJC_WEAK = YES;
				CLANG_WARN_BLOCK_CAPTURE_AUTORELEASING = YES;
				CLANG_WARN_BOOL_CONVERSION = YES;
				CLANG_WARN_COMMA = YES;
				CLANG_WARN_CONSTANT_CONVERSION = YES;
				CLANG_WARN_DEPRECATED_OBJC_IMPLEMENTATIONS = YES;
				CLANG_WARN_DIRECT_OBJC_ISA_USAGE = YES_ERROR;
				CLANG_WARN_DOCUMENTATION_COMMENTS = YES;
				CLANG_WARN_EMPTY_BODY = YES;
				CLANG_WARN_ENUM_CONVERSION = YES;
				CLANG_WARN_INFINITE_RECURSION = YES;
				CLANG_WARN_INT_CONVERSION = YES;
				CLANG_WARN_NON_LITERAL_NULL_CONVERSION = YES;
				CLANG_WARN_OBJC_IMPLICIT_RETAIN_SELF = YES;
				CLANG_WARN_OBJC_LITERAL_CONVERSION = YES;
				CLANG_WARN_OBJC_ROOT_CLASS = YES_ERROR;
				CLANG_WARN_QUOTED_INCLUDE_IN_FRAMEWORK_HEADER = YES;
				CLANG_WARN_RANGE_LOOP_ANALYSIS = YES;
				CLANG_WARN_STRICT_PROTOTYPES = YES;
				CLANG_WARN_SUSPICIOUS_MOVE = YES;
				CLANG_WARN_UNGUARDED_AVAILABILITY = YES_AGGRESSIVE;
				CLANG_WARN_UNREACHABLE_CODE = YES;
				CLANG_WARN__DUPLICATE_METHOD_MATCH = YES;
				COPY_PHASE_STRIP = NO;
				DEBUG_INFORMATION_FORMAT = "dwarf-with-dsym";
				ENABLE_NS_ASSERTIONS = NO;
				ENABLE_STRICT_OBJC_MSGSEND = YES;
				ENABLE_USER_SCRIPT_SANDBOXING = YES;
				GCC_C_LANGUAGE_STANDARD = gnu17;
				GCC_NO_COMMON_BLOCKS = YES;
				GCC_WARN_64_TO_32_BIT_CONVERSION = YES;
				GCC_WARN_ABOUT_RETURN_TYPE = YES_ERROR;
				GCC_WARN_UNDECLARED_SELECTOR = YES;
				GCC_WARN_UNINITIALIZED_AUTOS = YES_AGGRESSIVE;
				GCC_WARN_UNUSED_FUNCTION = YES;
				GCC_WARN_UNUSED_VARIABLE = YES;
				IPHONEOS_DEPLOYMENT_TARGET = 17.5;
				LOCALIZATION_PREFERS_STRING_CATALOGS = YES;
				MTL_ENABLE_DEBUG_INFO = NO;
				MTL_FAST_MATH = YES;
				SDKROOT = iphoneos;
				SWIFT_COMPILATION_MODE = wholemodule;
				VALIDATE_PRODUCT = YES;
			};
			name = Release;
		};
		ACFA1D2F2BF9F06000D64A95 /* Debug */ = {
			isa = XCBuildConfiguration;
			buildSettings = {
				ASSETCATALOG_COMPILER_APPICON_NAME = AppIcon;
				ASSETCATALOG_COMPILER_GLOBAL_ACCENT_COLOR_NAME = AccentColor;
				CODE_SIGN_STYLE = Automatic;
				CURRENT_PROJECT_VERSION = 1;
				GENERATE_INFOPLIST_FILE = YES;
				INFOPLIST_FILE = Piazza/Info.plist;
				INFOPLIST_KEY_UIApplicationSupportsIndirectInputEvents = YES;
				INFOPLIST_KEY_UILaunchStoryboardName = LaunchScreen;
				INFOPLIST_KEY_UIMainStoryboardFile = "";
				INFOPLIST_KEY_UISupportedInterfaceOrientations_iPad = "UIInterfaceOrientationPortrait UIInterfaceOrientationPortraitUpsideDown UIInterfaceOrientationLandscapeLeft UIInterfaceOrientationLandscapeRight";
				INFOPLIST_KEY_UISupportedInterfaceOrientations_iPhone = "UIInterfaceOrientationPortrait UIInterfaceOrientationLandscapeLeft UIInterfaceOrientationLandscapeRight";
				LD_RUNPATH_SEARCH_PATHS = (
					"$(inherited)",
					"@executable_path/Frameworks",
				);
				MARKETING_VERSION = 1.0;
				PRODUCT_BUNDLE_IDENTIFIER = com.alfonsoalba.Piazza;
				PRODUCT_NAME = "$(TARGET_NAME)";
				SWIFT_EMIT_LOC_STRINGS = YES;
				SWIFT_VERSION = 5.0;
				TARGETED_DEVICE_FAMILY = "1,2";
			};
			name = Debug;
		};
		ACFA1D302BF9F06000D64A95 /* Release */ = {
			isa = XCBuildConfiguration;
			buildSettings = {
				ASSETCATALOG_COMPILER_APPICON_NAME = AppIcon;
				ASSETCATALOG_COMPILER_GLOBAL_ACCENT_COLOR_NAME = AccentColor;
				CODE_SIGN_STYLE = Automatic;
				CURRENT_PROJECT_VERSION = 1;
				GENERATE_INFOPLIST_FILE = YES;
				INFOPLIST_FILE = Piazza/Info.plist;
				INFOPLIST_KEY_UIApplicationSupportsIndirectInputEvents = YES;
				INFOPLIST_KEY_UILaunchStoryboardName = LaunchScreen;
				INFOPLIST_KEY_UIMainStoryboardFile = "";
				INFOPLIST_KEY_UISupportedInterfaceOrientations_iPad = "UIInterfaceOrientationPortrait UIInterfaceOrientationPortraitUpsideDown UIInterfaceOrientationLandscapeLeft UIInterfaceOrientationLandscapeRight";
				INFOPLIST_KEY_UISupportedInterfaceOrientations_iPhone = "UIInterfaceOrientationPortrait UIInterfaceOrientationLandscapeLeft UIInterfaceOrientationLandscapeRight";
				LD_RUNPATH_SEARCH_PATHS = (
					"$(inherited)",
					"@executable_path/Frameworks",
				);
				MARKETING_VERSION = 1.0;
				PRODUCT_BUNDLE_IDENTIFIER = com.alfonsoalba.Piazza;
				PRODUCT_NAME = "$(TARGET_NAME)";
				SWIFT_EMIT_LOC_STRINGS = YES;
				SWIFT_VERSION = 5.0;
				TARGETED_DEVICE_FAMILY = "1,2";
			};
			name = Release;
		};
		ACFA1D322BF9F06000D64A95 /* Debug */ = {
			isa = XCBuildConfiguration;
			buildSettings = {
				ALWAYS_EMBED_SWIFT_STANDARD_LIBRARIES = YES;
				BUNDLE_LOADER = "$(TEST_HOST)";
				CODE_SIGN_STYLE = Automatic;
				CURRENT_PROJECT_VERSION = 1;
				GENERATE_INFOPLIST_FILE = YES;
				IPHONEOS_DEPLOYMENT_TARGET = 17.5;
				MARKETING_VERSION = 1.0;
				PRODUCT_BUNDLE_IDENTIFIER = com.alfonsoalba.PiazzaTests;
				PRODUCT_NAME = "$(TARGET_NAME)";
				SWIFT_EMIT_LOC_STRINGS = NO;
				SWIFT_VERSION = 5.0;
				TARGETED_DEVICE_FAMILY = "1,2";
				TEST_HOST = "$(BUILT_PRODUCTS_DIR)/Piazza.app/$(BUNDLE_EXECUTABLE_FOLDER_PATH)/Piazza";
			};
			name = Debug;
		};
		ACFA1D332BF9F06000D64A95 /* Release */ = {
			isa = XCBuildConfiguration;
			buildSettings = {
				ALWAYS_EMBED_SWIFT_STANDARD_LIBRARIES = YES;
				BUNDLE_LOADER = "$(TEST_HOST)";
				CODE_SIGN_STYLE = Automatic;
				CURRENT_PROJECT_VERSION = 1;
				GENERATE_INFOPLIST_FILE = YES;
				IPHONEOS_DEPLOYMENT_TARGET = 17.5;
				MARKETING_VERSION = 1.0;
				PRODUCT_BUNDLE_IDENTIFIER = com.alfonsoalba.PiazzaTests;
				PRODUCT_NAME = "$(TARGET_NAME)";
				SWIFT_EMIT_LOC_STRINGS = NO;
				SWIFT_VERSION = 5.0;
				TARGETED_DEVICE_FAMILY = "1,2";
				TEST_HOST = "$(BUILT_PRODUCTS_DIR)/Piazza.app/$(BUNDLE_EXECUTABLE_FOLDER_PATH)/Piazza";
			};
			name = Release;
		};
		ACFA1D352BF9F06000D64A95 /* Debug */ = {
			isa = XCBuildConfiguration;
			buildSettings = {
				ALWAYS_EMBED_SWIFT_STANDARD_LIBRARIES = YES;
				CODE_SIGN_STYLE = Automatic;
				CURRENT_PROJECT_VERSION = 1;
				GENERATE_INFOPLIST_FILE = YES;
				MARKETING_VERSION = 1.0;
				PRODUCT_BUNDLE_IDENTIFIER = com.alfonsoalba.PiazzaUITests;
				PRODUCT_NAME = "$(TARGET_NAME)";
				SWIFT_EMIT_LOC_STRINGS = NO;
				SWIFT_VERSION = 5.0;
				TARGETED_DEVICE_FAMILY = "1,2";
				TEST_TARGET_NAME = Piazza;
			};
			name = Debug;
		};
		ACFA1D362BF9F06000D64A95 /* Release */ = {
			isa = XCBuildConfiguration;
			buildSettings = {
				ALWAYS_EMBED_SWIFT_STANDARD_LIBRARIES = YES;
				CODE_SIGN_STYLE = Automatic;
				CURRENT_PROJECT_VERSION = 1;
				GENERATE_INFOPLIST_FILE = YES;
				MARKETING_VERSION = 1.0;
				PRODUCT_BUNDLE_IDENTIFIER = com.alfonsoalba.PiazzaUITests;
				PRODUCT_NAME = "$(TARGET_NAME)";
				SWIFT_EMIT_LOC_STRINGS = NO;
				SWIFT_VERSION = 5.0;
				TARGETED_DEVICE_FAMILY = "1,2";
				TEST_TARGET_NAME = Piazza;
			};
			name = Release;
		};
/* End XCBuildConfiguration section */

/* Begin XCConfigurationList section */
		ACFA1CFF2BF9F05E00D64A95 /* Build configuration list for PBXProject "Piazza" */ = {
			isa = XCConfigurationList;
			buildConfigurations = (
				ACFA1D2C2BF9F06000D64A95 /* Debug */,
				ACFA1D2D2BF9F06000D64A95 /* Release */,
			);
			defaultConfigurationIsVisible = 0;
			defaultConfigurationName = Release;
		};
		ACFA1D2E2BF9F06000D64A95 /* Build configuration list for PBXNativeTarget "Piazza" */ = {
			isa = XCConfigurationList;
			buildConfigurations = (
				ACFA1D2F2BF9F06000D64A95 /* Debug */,
				ACFA1D302BF9F06000D64A95 /* Release */,
			);
			defaultConfigurationIsVisible = 0;
			defaultConfigurationName = Release;
		};
		ACFA1D312BF9F06000D64A95 /* Build configuration list for PBXNativeTarget "PiazzaTests" */ = {
			isa = XCConfigurationList;
			buildConfigurations = (
				ACFA1D322BF9F06000D64A95 /* Debug */,
				ACFA1D332BF9F06000D64A95 /* Release */,
			);
			defaultConfigurationIsVisible = 0;
			defaultConfigurationName = Release;
		};
		ACFA1D342BF9F06000D64A95 /* Build configuration list for PBXNativeTarget "PiazzaUITests" */ = {
			isa = XCConfigurationList;
			buildConfigurations = (
				ACFA1D352BF9F06000D64A95 /* Debug */,
				ACFA1D362BF9F06000D64A95 /* Release */,
			);
			defaultConfigurationIsVisible = 0;
			defaultConfigurationName = Release;
		};
/* End XCConfigurationList section */

/* Begin XCRemoteSwiftPackageReference section */
		AC60ED2C2BF9F10400FCB9AC /* XCRemoteSwiftPackageReference "turbo-ios" */ = {
			isa = XCRemoteSwiftPackageReference;
			repositoryURL = "https://github.com/hotwired/turbo-ios";
			requirement = {
				kind = upToNextMajorVersion;
				minimumVersion = 7.1.0;
			};
		};
		AC60ED2D2BF9F1C000FCB9AC /* XCRemoteSwiftPackageReference "strada-ios" */ = {
			isa = XCRemoteSwiftPackageReference;
			repositoryURL = "https://github.com/hotwired/strada-ios";
			requirement = {
				kind = upToNextMajorVersion;
				minimumVersion = "1.0.0-beta2";
			};
		};
/* End XCRemoteSwiftPackageReference section */

/* Begin XCSwiftPackageProductDependency section */
		AC60ED3F2BF9FCA600FCB9AC /* Turbo */ = {
			isa = XCSwiftPackageProductDependency;
			package = AC60ED2C2BF9F10400FCB9AC /* XCRemoteSwiftPackageReference "turbo-ios" */;
			productName = Turbo;
		};
		AC60ED412BF9FCAB00FCB9AC /* Strada */ = {
			isa = XCSwiftPackageProductDependency;
			package = AC60ED2D2BF9F1C000FCB9AC /* XCRemoteSwiftPackageReference "strada-ios" */;
			productName = Strada;
		};
/* End XCSwiftPackageProductDependency section */
	};
	rootObject = ACFA1CFC2BF9F05E00D64A95 /* Project object */;
}
